
Microsoft Visual Studio Solution File, Format Version 12.00
# Visual Studio Version 17
VisualStudioVersion = 17.9.34902.65
MinimumVisualStudioVersion = 10.0.40219.1
Project("{FAE04EC0-301F-11D3-BF4B-00C04F79EFBC}") = "AssetTracking", "AssetTracking.csproj", "{C37E19AF-39D2-41B0-A979-D7919DB9E33C}"
EndProject
Global
	GlobalSection(SolutionConfigurationPlatforms) = preSolution
		Debug|Any CPU = Debug|Any CPU
		Release|Any CPU = Release|Any CPU
	EndGlobalSection
	GlobalSection(ProjectConfigurationPlatforms) = postSolution
		{C37E19AF-39D2-41B0-A979-D7919DB9E33C}.Debug|Any CPU.ActiveCfg = Debug|Any CPU
		{C37E19AF-39D2-41B0-A979-D7919DB9E33C}.Debug|Any CPU.Build.0 = Debug|Any CPU
		{C37E19AF-39D2-41B0-A979-D7919DB9E33C}.Release|Any CPU.ActiveCfg = Release|Any CPU
		{C37E19AF-39D2-41B0-A979-D7919DB9E33C}.Release|Any CPU.Build.0 = Release|Any CPU
	EndGlobalSection
	GlobalSection(SolutionProperties) = preSolution
		HideSolutionNode = FALSE
	EndGlobalSection
	GlobalSection(ExtensibilityGlobals) = postSolution
		SolutionGuid = {B8DD950B-E928-45E2-ADB3-F88240445F98}
	EndGlobalSection
EndGlobal
